# This file is automatically @generated by Poetry 1.8.3 and should not be changed by hand.

[[package]]
name = "odfpy"
version = "1.4.1"
description = "Python API and tools to manipulate OpenDocument files"
optional = false
python-versions = "*"
files = []

[[package]]
name = "reportlab"
version = "4.2.0"
description = "The Reportlab Toolkit"
optional = false
python-versions = "*"
files = []

[metadata]
lock-version = "2.0"
python-versions = ">=3.8.0,<3.13"
content-hash = "6f9f8e2c43db51f712c948bbb07f4ae700d51df0347919f131ce650b62747ae3"
